
Microsoft Visual Studio Solution File, Format Version 12.00
# Visual Studio Version 16
VisualStudioVersion = 16.0.31005.135
MinimumVisualStudioVersion = 10.0.40219.1
Project("{9A19103F-16F7-4668-BE54-9A1E7A4F7556}") = "Sebo_nas_Canelas_3", "Sebo_nas_Canelas_3.csproj", "{D0F890C8-F12F-495A-AE92-2647F90AF6D3}"
EndProject
Global
	GlobalSection(SolutionConfigurationPlatforms) = preSolution
		Debug|Any CPU = Debug|Any CPU
		Release|Any CPU = Release|Any CPU
	EndGlobalSection
	GlobalSection(ProjectConfigurationPlatforms) = postSolution
		{D0F890C8-F12F-495A-AE92-2647F90AF6D3}.Debug|Any CPU.ActiveCfg = Debug|Any CPU
		{D0F890C8-F12F-495A-AE92-2647F90AF6D3}.Debug|Any CPU.Build.0 = Debug|Any CPU
		{D0F890C8-F12F-495A-AE92-2647F90AF6D3}.Release|Any CPU.ActiveCfg = Release|Any CPU
		{D0F890C8-F12F-495A-AE92-2647F90AF6D3}.Release|Any CPU.Build.0 = Release|Any CPU
	EndGlobalSection
	GlobalSection(SolutionProperties) = preSolution
		HideSolutionNode = FALSE
	EndGlobalSection
	GlobalSection(ExtensibilityGlobals) = postSolution
		SolutionGuid = {5BB7E24B-4488-432E-8DE2-1D06ED18D267}
	EndGlobalSection
EndGlobal
