
Microsoft Visual Studio Solution File, Format Version 12.00
# Visual Studio Version 16
VisualStudioVersion = 16.0.31005.135
MinimumVisualStudioVersion = 10.0.40219.1
Project("{FAE04EC0-301F-11D3-BF4B-00C04F79EFBC}") = "SeboNasCanelas.Win", "SeboNasCanelas.Win\SeboNasCanelas.Win.csproj", "{21F7E491-CC4D-473E-BA91-E8EC37108D3C}"
EndProject
Project("{9A19103F-16F7-4668-BE54-9A1E7A4F7556}") = "Sebo_nas_Canelas_3", "SeboNasCanelas.Terminal\Sebo_nas_Canelas_3.csproj", "{BC78D8C0-CD6C-4B93-AF4E-7C6CF784438C}"
EndProject
Global
	GlobalSection(SolutionConfigurationPlatforms) = preSolution
		Debug|Any CPU = Debug|Any CPU
		Release|Any CPU = Release|Any CPU
	EndGlobalSection
	GlobalSection(ProjectConfigurationPlatforms) = postSolution
		{21F7E491-CC4D-473E-BA91-E8EC37108D3C}.Debug|Any CPU.ActiveCfg = Debug|Any CPU
		{21F7E491-CC4D-473E-BA91-E8EC37108D3C}.Debug|Any CPU.Build.0 = Debug|Any CPU
		{21F7E491-CC4D-473E-BA91-E8EC37108D3C}.Release|Any CPU.ActiveCfg = Release|Any CPU
		{21F7E491-CC4D-473E-BA91-E8EC37108D3C}.Release|Any CPU.Build.0 = Release|Any CPU
		{BC78D8C0-CD6C-4B93-AF4E-7C6CF784438C}.Debug|Any CPU.ActiveCfg = Debug|Any CPU
		{BC78D8C0-CD6C-4B93-AF4E-7C6CF784438C}.Debug|Any CPU.Build.0 = Debug|Any CPU
		{BC78D8C0-CD6C-4B93-AF4E-7C6CF784438C}.Release|Any CPU.ActiveCfg = Release|Any CPU
		{BC78D8C0-CD6C-4B93-AF4E-7C6CF784438C}.Release|Any CPU.Build.0 = Release|Any CPU
	EndGlobalSection
	GlobalSection(SolutionProperties) = preSolution
		HideSolutionNode = FALSE
	EndGlobalSection
	GlobalSection(ExtensibilityGlobals) = postSolution
		SolutionGuid = {5BB7E24B-4488-432E-8DE2-1D06ED18D267}
	EndGlobalSection
EndGlobal
